
Microsoft Visual Studio Solution File, Format Version 12.00
# Visual Studio 14
VisualStudioVersion = 14.0.24720.0
MinimumVisualStudioVersion = 10.0.40219.1
Project("{FAE04EC0-301F-11D3-BF4B-00C04F79EFBC}") = "AndApp", "AndApp\AndApp.csproj", "{A233F189-87FF-4BDB-8048-FCB3CFAD16D6}"
EndProject
Project("{FAE04EC0-301F-11D3-BF4B-00C04F79EFBC}") = "IosApp", "IosApp\IosApp.csproj", "{58DD1A2E-D2B3-4553-A62D-0A7BC36AF66E}"
EndProject
Project("{2150E333-8FDC-42A3-9474-1A3956D46DE8}") = "BLL", "BLL", "{1E027DCA-A0DD-4E52-9FBC-57247CB3B695}"
EndProject
Project("{2150E333-8FDC-42A3-9474-1A3956D46DE8}") = "DAL", "DAL", "{A8007BA0-C83E-4713-A282-44ED560B8AAA}"
EndProject
Project("{FAE04EC0-301F-11D3-BF4B-00C04F79EFBC}") = "BissnesLogic", "BissnesLogic\BissnesLogic.csproj", "{E94B64C4-CEB3-46FE-84BF-DF685A4DF347}"
EndProject
Global
	GlobalSection(SolutionConfigurationPlatforms) = preSolution
		Ad-Hoc|Any CPU = Ad-Hoc|Any CPU
		Ad-Hoc|iPhone = Ad-Hoc|iPhone
		Ad-Hoc|iPhoneSimulator = Ad-Hoc|iPhoneSimulator
		AppStore|Any CPU = AppStore|Any CPU
		AppStore|iPhone = AppStore|iPhone
		AppStore|iPhoneSimulator = AppStore|iPhoneSimulator
		Debug|Any CPU = Debug|Any CPU
		Debug|iPhone = Debug|iPhone
		Debug|iPhoneSimulator = Debug|iPhoneSimulator
		Release|Any CPU = Release|Any CPU
		Release|iPhone = Release|iPhone
		Release|iPhoneSimulator = Release|iPhoneSimulator
	EndGlobalSection
	GlobalSection(ProjectConfigurationPlatforms) = postSolution
		{A233F189-87FF-4BDB-8048-FCB3CFAD16D6}.Ad-Hoc|Any CPU.ActiveCfg = Release|Any CPU
		{A233F189-87FF-4BDB-8048-FCB3CFAD16D6}.Ad-Hoc|Any CPU.Build.0 = Release|Any CPU
		{A233F189-87FF-4BDB-8048-FCB3CFAD16D6}.Ad-Hoc|Any CPU.Deploy.0 = Release|Any CPU
		{A233F189-87FF-4BDB-8048-FCB3CFAD16D6}.Ad-Hoc|iPhone.ActiveCfg = Release|Any CPU
		{A233F189-87FF-4BDB-8048-FCB3CFAD16D6}.Ad-Hoc|iPhone.Build.0 = Release|Any CPU
		{A233F189-87FF-4BDB-8048-FCB3CFAD16D6}.Ad-Hoc|iPhone.Deploy.0 = Release|Any CPU
		{A233F189-87FF-4BDB-8048-FCB3CFAD16D6}.Ad-Hoc|iPhoneSimulator.ActiveCfg = Release|Any CPU
		{A233F189-87FF-4BDB-8048-FCB3CFAD16D6}.Ad-Hoc|iPhoneSimulator.Build.0 = Release|Any CPU
		{A233F189-87FF-4BDB-8048-FCB3CFAD16D6}.Ad-Hoc|iPhoneSimulator.Deploy.0 = Release|Any CPU
		{A233F189-87FF-4BDB-8048-FCB3CFAD16D6}.AppStore|Any CPU.ActiveCfg = Release|Any CPU
		{A233F189-87FF-4BDB-8048-FCB3CFAD16D6}.AppStore|Any CPU.Build.0 = Release|Any CPU
		{A233F189-87FF-4BDB-8048-FCB3CFAD16D6}.AppStore|Any CPU.Deploy.0 = Release|Any CPU
		{A233F189-87FF-4BDB-8048-FCB3CFAD16D6}.AppStore|iPhone.ActiveCfg = Release|Any CPU
		{A233F189-87FF-4BDB-8048-FCB3CFAD16D6}.AppStore|iPhone.Build.0 = Release|Any CPU
		{A233F189-87FF-4BDB-8048-FCB3CFAD16D6}.AppStore|iPhone.Deploy.0 = Release|Any CPU
		{A233F189-87FF-4BDB-8048-FCB3CFAD16D6}.AppStore|iPhoneSimulator.ActiveCfg = Release|Any CPU
		{A233F189-87FF-4BDB-8048-FCB3CFAD16D6}.AppStore|iPhoneSimulator.Build.0 = Release|Any CPU
		{A233F189-87FF-4BDB-8048-FCB3CFAD16D6}.AppStore|iPhoneSimulator.Deploy.0 = Release|Any CPU
		{A233F189-87FF-4BDB-8048-FCB3CFAD16D6}.Debug|Any CPU.ActiveCfg = Debug|Any CPU
		{A233F189-87FF-4BDB-8048-FCB3CFAD16D6}.Debug|Any CPU.Build.0 = Debug|Any CPU
		{A233F189-87FF-4BDB-8048-FCB3CFAD16D6}.Debug|Any CPU.Deploy.0 = Debug|Any CPU
		{A233F189-87FF-4BDB-8048-FCB3CFAD16D6}.Debug|iPhone.ActiveCfg = Debug|Any CPU
		{A233F189-87FF-4BDB-8048-FCB3CFAD16D6}.Debug|iPhone.Build.0 = Debug|Any CPU
		{A233F189-87FF-4BDB-8048-FCB3CFAD16D6}.Debug|iPhone.Deploy.0 = Debug|Any CPU
		{A233F189-87FF-4BDB-8048-FCB3CFAD16D6}.Debug|iPhoneSimulator.ActiveCfg = Debug|Any CPU
		{A233F189-87FF-4BDB-8048-FCB3CFAD16D6}.Debug|iPhoneSimulator.Build.0 = Debug|Any CPU
		{A233F189-87FF-4BDB-8048-FCB3CFAD16D6}.Debug|iPhoneSimulator.Deploy.0 = Debug|Any CPU
		{A233F189-87FF-4BDB-8048-FCB3CFAD16D6}.Release|Any CPU.ActiveCfg = Release|Any CPU
		{A233F189-87FF-4BDB-8048-FCB3CFAD16D6}.Release|Any CPU.Build.0 = Release|Any CPU
		{A233F189-87FF-4BDB-8048-FCB3CFAD16D6}.Release|Any CPU.Deploy.0 = Release|Any CPU
		{A233F189-87FF-4BDB-8048-FCB3CFAD16D6}.Release|iPhone.ActiveCfg = Release|Any CPU
		{A233F189-87FF-4BDB-8048-FCB3CFAD16D6}.Release|iPhone.Build.0 = Release|Any CPU
		{A233F189-87FF-4BDB-8048-FCB3CFAD16D6}.Release|iPhone.Deploy.0 = Release|Any CPU
		{A233F189-87FF-4BDB-8048-FCB3CFAD16D6}.Release|iPhoneSimulator.ActiveCfg = Release|Any CPU
		{A233F189-87FF-4BDB-8048-FCB3CFAD16D6}.Release|iPhoneSimulator.Build.0 = Release|Any CPU
		{A233F189-87FF-4BDB-8048-FCB3CFAD16D6}.Release|iPhoneSimulator.Deploy.0 = Release|Any CPU
		{58DD1A2E-D2B3-4553-A62D-0A7BC36AF66E}.Ad-Hoc|Any CPU.ActiveCfg = Ad-Hoc|iPhone
		{58DD1A2E-D2B3-4553-A62D-0A7BC36AF66E}.Ad-Hoc|iPhone.ActiveCfg = Ad-Hoc|iPhone
		{58DD1A2E-D2B3-4553-A62D-0A7BC36AF66E}.Ad-Hoc|iPhone.Build.0 = Ad-Hoc|iPhone
		{58DD1A2E-D2B3-4553-A62D-0A7BC36AF66E}.Ad-Hoc|iPhoneSimulator.ActiveCfg = Ad-Hoc|iPhoneSimulator
		{58DD1A2E-D2B3-4553-A62D-0A7BC36AF66E}.Ad-Hoc|iPhoneSimulator.Build.0 = Ad-Hoc|iPhoneSimulator
		{58DD1A2E-D2B3-4553-A62D-0A7BC36AF66E}.AppStore|Any CPU.ActiveCfg = AppStore|iPhone
		{58DD1A2E-D2B3-4553-A62D-0A7BC36AF66E}.AppStore|iPhone.ActiveCfg = AppStore|iPhone
		{58DD1A2E-D2B3-4553-A62D-0A7BC36AF66E}.AppStore|iPhone.Build.0 = AppStore|iPhone
		{58DD1A2E-D2B3-4553-A62D-0A7BC36AF66E}.AppStore|iPhoneSimulator.ActiveCfg = AppStore|iPhoneSimulator
		{58DD1A2E-D2B3-4553-A62D-0A7BC36AF66E}.AppStore|iPhoneSimulator.Build.0 = AppStore|iPhoneSimulator
		{58DD1A2E-D2B3-4553-A62D-0A7BC36AF66E}.Debug|Any CPU.ActiveCfg = Debug|iPhone
		{58DD1A2E-D2B3-4553-A62D-0A7BC36AF66E}.Debug|Any CPU.Build.0 = Debug|iPhone
		{58DD1A2E-D2B3-4553-A62D-0A7BC36AF66E}.Debug|iPhone.ActiveCfg = Debug|iPhone
		{58DD1A2E-D2B3-4553-A62D-0A7BC36AF66E}.Debug|iPhone.Build.0 = Debug|iPhone
		{58DD1A2E-D2B3-4553-A62D-0A7BC36AF66E}.Debug|iPhoneSimulator.ActiveCfg = Debug|iPhoneSimulator
		{58DD1A2E-D2B3-4553-A62D-0A7BC36AF66E}.Debug|iPhoneSimulator.Build.0 = Debug|iPhoneSimulator
		{58DD1A2E-D2B3-4553-A62D-0A7BC36AF66E}.Release|Any CPU.ActiveCfg = Release|iPhone
		{58DD1A2E-D2B3-4553-A62D-0A7BC36AF66E}.Release|Any CPU.Build.0 = Release|iPhone
		{58DD1A2E-D2B3-4553-A62D-0A7BC36AF66E}.Release|iPhone.ActiveCfg = Release|iPhone
		{58DD1A2E-D2B3-4553-A62D-0A7BC36AF66E}.Release|iPhone.Build.0 = Release|iPhone
		{58DD1A2E-D2B3-4553-A62D-0A7BC36AF66E}.Release|iPhoneSimulator.ActiveCfg = Release|iPhoneSimulator
		{58DD1A2E-D2B3-4553-A62D-0A7BC36AF66E}.Release|iPhoneSimulator.Build.0 = Release|iPhoneSimulator
		{E94B64C4-CEB3-46FE-84BF-DF685A4DF347}.Ad-Hoc|Any CPU.ActiveCfg = Release|Any CPU
		{E94B64C4-CEB3-46FE-84BF-DF685A4DF347}.Ad-Hoc|Any CPU.Build.0 = Release|Any CPU
		{E94B64C4-CEB3-46FE-84BF-DF685A4DF347}.Ad-Hoc|iPhone.ActiveCfg = Release|Any CPU
		{E94B64C4-CEB3-46FE-84BF-DF685A4DF347}.Ad-Hoc|iPhone.Build.0 = Release|Any CPU
		{E94B64C4-CEB3-46FE-84BF-DF685A4DF347}.Ad-Hoc|iPhoneSimulator.ActiveCfg = Release|Any CPU
		{E94B64C4-CEB3-46FE-84BF-DF685A4DF347}.Ad-Hoc|iPhoneSimulator.Build.0 = Release|Any CPU
		{E94B64C4-CEB3-46FE-84BF-DF685A4DF347}.AppStore|Any CPU.ActiveCfg = Release|Any CPU
		{E94B64C4-CEB3-46FE-84BF-DF685A4DF347}.AppStore|Any CPU.Build.0 = Release|Any CPU
		{E94B64C4-CEB3-46FE-84BF-DF685A4DF347}.AppStore|iPhone.ActiveCfg = Release|Any CPU
		{E94B64C4-CEB3-46FE-84BF-DF685A4DF347}.AppStore|iPhone.Build.0 = Release|Any CPU
		{E94B64C4-CEB3-46FE-84BF-DF685A4DF347}.AppStore|iPhoneSimulator.ActiveCfg = Release|Any CPU
		{E94B64C4-CEB3-46FE-84BF-DF685A4DF347}.AppStore|iPhoneSimulator.Build.0 = Release|Any CPU
		{E94B64C4-CEB3-46FE-84BF-DF685A4DF347}.Debug|Any CPU.ActiveCfg = Debug|Any CPU
		{E94B64C4-CEB3-46FE-84BF-DF685A4DF347}.Debug|Any CPU.Build.0 = Debug|Any CPU
		{E94B64C4-CEB3-46FE-84BF-DF685A4DF347}.Debug|Any CPU.Deploy.0 = Debug|Any CPU
		{E94B64C4-CEB3-46FE-84BF-DF685A4DF347}.Debug|iPhone.ActiveCfg = Debug|Any CPU
		{E94B64C4-CEB3-46FE-84BF-DF685A4DF347}.Debug|iPhone.Build.0 = Debug|Any CPU
		{E94B64C4-CEB3-46FE-84BF-DF685A4DF347}.Debug|iPhone.Deploy.0 = Debug|Any CPU
		{E94B64C4-CEB3-46FE-84BF-DF685A4DF347}.Debug|iPhoneSimulator.ActiveCfg = Debug|Any CPU
		{E94B64C4-CEB3-46FE-84BF-DF685A4DF347}.Debug|iPhoneSimulator.Build.0 = Debug|Any CPU
		{E94B64C4-CEB3-46FE-84BF-DF685A4DF347}.Release|Any CPU.ActiveCfg = Release|Any CPU
		{E94B64C4-CEB3-46FE-84BF-DF685A4DF347}.Release|Any CPU.Build.0 = Release|Any CPU
		{E94B64C4-CEB3-46FE-84BF-DF685A4DF347}.Release|iPhone.ActiveCfg = Release|Any CPU
		{E94B64C4-CEB3-46FE-84BF-DF685A4DF347}.Release|iPhone.Build.0 = Release|Any CPU
		{E94B64C4-CEB3-46FE-84BF-DF685A4DF347}.Release|iPhoneSimulator.ActiveCfg = Release|Any CPU
		{E94B64C4-CEB3-46FE-84BF-DF685A4DF347}.Release|iPhoneSimulator.Build.0 = Release|Any CPU
	EndGlobalSection
	GlobalSection(SolutionProperties) = preSolution
		HideSolutionNode = FALSE
	EndGlobalSection
	GlobalSection(NestedProjects) = preSolution
		{E94B64C4-CEB3-46FE-84BF-DF685A4DF347} = {1E027DCA-A0DD-4E52-9FBC-57247CB3B695}
	EndGlobalSection
EndGlobal
